// !$*UTF8*$!
{
	archiveVersion = 1;
	classes = {
	};
	objectVersion = 46;
	objects = {

/* Begin PBXBuildFile section */
		6289EA961A44E42300151FBF /* AppDelegate.swift in Sources */ = {isa = PBXBuildFile; fileRef = 6289EA951A44E42300151FBF /* AppDelegate.swift */; };
		6289EA991A44E42300151FBF /* boundry.xcdatamodeld in Sources */ = {isa = PBXBuildFile; fileRef = 6289EA971A44E42300151FBF /* boundry.xcdatamodeld */; };
		6289EA9B1A44E42300151FBF /* ViewController.swift in Sources */ = {isa = PBXBuildFile; fileRef = 6289EA9A1A44E42300151FBF /* ViewController.swift */; };
		6289EA9E1A44E42300151FBF /* Main.storyboard in Resources */ = {isa = PBXBuildFile; fileRef = 6289EA9C1A44E42300151FBF /* Main.storyboard */; };
		6289EAA01A44E42300151FBF /* Images.xcassets in Resources */ = {isa = PBXBuildFile; fileRef = 6289EA9F1A44E42300151FBF /* Images.xcassets */; };
		6289EAA31A44E42300151FBF /* LaunchScreen.xib in Resources */ = {isa = PBXBuildFile; fileRef = 6289EAA11A44E42300151FBF /* LaunchScreen.xib */; };
		6289EAAF1A44E42300151FBF /* boundryTests.swift in Sources */ = {isa = PBXBuildFile; fileRef = 6289EAAE1A44E42300151FBF /* boundryTests.swift */; };
/* End PBXBuildFile section */

/* Begin PBXContainerItemProxy section */
		6289EAA91A44E42300151FBF /* PBXContainerItemProxy */ = {
			isa = PBXContainerItemProxy;
			containerPortal = 6289EA881A44E42300151FBF /* Project object */;
			proxyType = 1;
			remoteGlobalIDString = 6289EA8F1A44E42300151FBF;
			remoteInfo = boundry;
		};
/* End PBXContainerItemProxy section */

/* Begin PBXFileReference section */
		6289EA901A44E42300151FBF /* boundry.app */ = {isa = PBXFileReference; explicitFileType = wrapper.application; includeInIndex = 0; path = boundry.app; sourceTree = BUILT_PRODUCTS_DIR; };
		6289EA941A44E42300151FBF /* Info.plist */ = {isa = PBXFileReference; lastKnownFileType = text.plist.xml; path = Info.plist; sourceTree = "<group>"; };
		6289EA951A44E42300151FBF /* AppDelegate.swift */ = {isa = PBXFileReference; lastKnownFileType = sourcecode.swift; path = AppDelegate.swift; sourceTree = "<group>"; };
		6289EA981A44E42300151FBF /* boundry.xcdatamodel */ = {isa = PBXFileReference; lastKnownFileType = wrapper.xcdatamodel; path = boundry.xcdatamodel; sourceTree = "<group>"; };
		6289EA9A1A44E42300151FBF /* ViewController.swift */ = {isa = PBXFileReference; lastKnownFileType = sourcecode.swift; path = ViewController.swift; sourceTree = "<group>"; };
		6289EA9D1A44E42300151FBF /* Base */ = {isa = PBXFileReference; lastKnownFileType = file.storyboard; name = Base; path = Base.lproj/Main.storyboard; sourceTree = "<group>"; };
		6289EA9F1A44E42300151FBF /* Images.xcassets */ = {isa = PBXFileReference; lastKnownFileType = folder.assetcatalog; path = Images.xcassets; sourceTree = "<group>"; };
		6289EAA21A44E42300151FBF /* Base */ = {isa = PBXFileReference; lastKnownFileType = file.xib; name = Base; path = Base.lproj/LaunchScreen.xib; sourceTree = "<group>"; };
		6289EAA81A44E42300151FBF /* boundryTests.xctest */ = {isa = PBXFileReference; explicitFileType = wrapper.cfbundle; includeInIndex = 0; path = boundryTests.xctest; sourceTree = BUILT_PRODUCTS_DIR; };
		6289EAAD1A44E42300151FBF /* Info.plist */ = {isa = PBXFileReference; lastKnownFileType = text.plist.xml; path = Info.plist; sourceTree = "<group>"; };
		6289EAAE1A44E42300151FBF /* boundryTests.swift */ = {isa = PBXFileReference; lastKnownFileType = sourcecode.swift; path = boundryTests.swift; sourceTree = "<group>"; };
/* End PBXFileReference section */

/* Begin PBXFrameworksBuildPhase section */
		6289EA8D1A44E42300151FBF /* Frameworks */ = {
			isa = PBXFrameworksBuildPhase;
			buildActionMask = 2147483647;
			files = (
			);
			runOnlyForDeploymentPostprocessing = 0;
		};
		6289EAA51A44E42300151FBF /* Frameworks */ = {
			isa = PBXFrameworksBuildPhase;
			buildActionMask = 2147483647;
			files = (
			);
			runOnlyForDeploymentPostprocessing = 0;
		};
/* End PBXFrameworksBuildPhase section */

/* Begin PBXGroup section */
		6289EA871A44E42300151FBF = {
			isa = PBXGroup;
			children = (
				6289EA921A44E42300151FBF /* boundry */,
				6289EAAB1A44E42300151FBF /* boundryTests */,
				6289EA911A44E42300151FBF /* Products */,
			);
			sourceTree = "<group>";
		};
		6289EA911A44E42300151FBF /* Products */ = {
			isa = PBXGroup;
			children = (
				6289EA901A44E42300151FBF /* boundry.app */,
				6289EAA81A44E42300151FBF /* boundryTests.xctest */,
			);
			name = Products;
			sourceTree = "<group>";
		};
		6289EA921A44E42300151FBF /* boundry */ = {
			isa = PBXGroup;
			children = (
				6289EA951A44E42300151FBF /* AppDelegate.swift */,
				6289EA9A1A44E42300151FBF /* ViewController.swift */,
				6289EA9C1A44E42300151FBF /* Main.storyboard */,
				6289EA9F1A44E42300151FBF /* Images.xcassets */,
				6289EAA11A44E42300151FBF /* LaunchScreen.xib */,
				6289EA971A44E42300151FBF /* boundry.xcdatamodeld */,
				6289EA931A44E42300151FBF /* Supporting Files */,
			);
			path = boundry;
			sourceTree = "<group>";
		};
		6289EA931A44E42300151FBF /* Supporting Files */ = {
			isa = PBXGroup;
			children = (
				6289EA941A44E42300151FBF /* Info.plist */,
			);
			name = "Supporting Files";
			sourceTree = "<group>";
		};
		6289EAAB1A44E42300151FBF /* boundryTests */ = {
			isa = PBXGroup;
			children = (
				6289EAAE1A44E42300151FBF /* boundryTests.swift */,
				6289EAAC1A44E42300151FBF /* Supporting Files */,
			);
			path = boundryTests;
			sourceTree = "<group>";
		};
		6289EAAC1A44E42300151FBF /* Supporting Files */ = {
			isa = PBXGroup;
			children = (
				6289EAAD1A44E42300151FBF /* Info.plist */,
			);
			name = "Supporting Files";
			sourceTree = "<group>";
		};
/* End PBXGroup section */

/* Begin PBXNativeTarget section */
		6289EA8F1A44E42300151FBF /* boundry */ = {
			isa = PBXNativeTarget;
			buildConfigurationList = 6289EAB21A44E42300151FBF /* Build configuration list for PBXNativeTarget "boundry" */;
			buildPhases = (
				6289EA8C1A44E42300151FBF /* Sources */,
				6289EA8D1A44E42300151FBF /* Frameworks */,
				6289EA8E1A44E42300151FBF /* Resources */,
			);
			buildRules = (
			);
			dependencies = (
			);
			name = boundry;
			productName = boundry;
			productReference = 6289EA901A44E42300151FBF /* boundry.app */;
			productType = "com.apple.product-type.application";
		};
		6289EAA71A44E42300151FBF /* boundryTests */ = {
			isa = PBXNativeTarget;
			buildConfigurationList = 6289EAB51A44E42300151FBF /* Build configuration list for PBXNativeTarget "boundryTests" */;
			buildPhases = (
				6289EAA41A44E42300151FBF /* Sources */,
				6289EAA51A44E42300151FBF /* Frameworks */,
				6289EAA61A44E42300151FBF /* Resources */,
			);
			buildRules = (
			);
			dependencies = (
				6289EAAA1A44E42300151FBF /* PBXTargetDependency */,
			);
			name = boundryTests;
			productName = boundryTests;
			productReference = 6289EAA81A44E42300151FBF /* boundryTests.xctest */;
			productType = "com.apple.product-type.bundle.unit-test";
		};
/* End PBXNativeTarget section */

/* Begin PBXProject section */
		6289EA881A44E42300151FBF /* Project object */ = {
			isa = PBXProject;
			attributes = {
				LastUpgradeCheck = 0610;
				ORGANIZATIONNAME = madebycaro;
				TargetAttributes = {
					6289EA8F1A44E42300151FBF = {
						CreatedOnToolsVersion = 6.1.1;
					};
					6289EAA71A44E42300151FBF = {
						CreatedOnToolsVersion = 6.1.1;
						TestTargetID = 6289EA8F1A44E42300151FBF;
					};
				};
			};
			buildConfigurationList = 6289EA8B1A44E42300151FBF /* Build configuration list for PBXProject "boundry" */;
			compatibilityVersion = "Xcode 3.2";
			developmentRegion = English;
			hasScannedForEncodings = 0;
			knownRegions = (
				en,
				Base,
			);
			mainGroup = 6289EA871A44E42300151FBF;
			productRefGroup = 6289EA911A44E42300151FBF /* Products */;
			projectDirPath = "";
			projectRoot = "";
			targets = (
				6289EA8F1A44E42300151FBF /* boundry */,
				6289EAA71A44E42300151FBF /* boundryTests */,
			);
		};
/* End PBXProject section */

/* Begin PBXResourcesBuildPhase section */
		6289EA8E1A44E42300151FBF /* Resources */ = {
			isa = PBXResourcesBuildPhase;
			buildActionMask = 2147483647;
			files = (
				6289EA9E1A44E42300151FBF /* Main.storyboard in Resources */,
				6289EAA31A44E42300151FBF /* LaunchScreen.xib in Resources */,
				6289EAA01A44E42300151FBF /* Images.xcassets in Resources */,
			);
			runOnlyForDeploymentPostprocessing = 0;
		};
		6289EAA61A44E42300151FBF /* Resources */ = {
			isa = PBXResourcesBuildPhase;
			buildActionMask = 2147483647;
			files = (
			);
			runOnlyForDeploymentPostprocessing = 0;
		};
/* End PBXResourcesBuildPhase section */

/* Begin PBXSourcesBuildPhase section */
		6289EA8C1A44E42300151FBF /* Sources */ = {
			isa = PBXSourcesBuildPhase;
			buildActionMask = 2147483647;
			files = (
				6289EA9B1A44E42300151FBF /* ViewController.swift in Sources */,
				6289EA961A44E42300151FBF /* AppDelegate.swift in Sources */,
				6289EA991A44E42300151FBF /* boundry.xcdatamodeld in Sources */,
			);
			runOnlyForDeploymentPostprocessing = 0;
		};
		6289EAA41A44E42300151FBF /* Sources */ = {
			isa = PBXSourcesBuildPhase;
			buildActionMask = 2147483647;
			files = (
				6289EAAF1A44E42300151FBF /* boundryTests.swift in Sources */,
			);
			runOnlyForDeploymentPostprocessing = 0;
		};
/* End PBXSourcesBuildPhase section */

/* Begin PBXTargetDependency section */
		6289EAAA1A44E42300151FBF /* PBXTargetDependency */ = {
			isa = PBXTargetDependency;
			target = 6289EA8F1A44E42300151FBF /* boundry */;
			targetProxy = 6289EAA91A44E42300151FBF /* PBXContainerItemProxy */;
		};
/* End PBXTargetDependency section */

/* Begin PBXVariantGroup section */
		6289EA9C1A44E42300151FBF /* Main.storyboard */ = {
			isa = PBXVariantGroup;
			children = (
				6289EA9D1A44E42300151FBF /* Base */,
			);
			name = Main.storyboard;
			sourceTree = "<group>";
		};
		6289EAA11A44E42300151FBF /* LaunchScreen.xib */ = {
			isa = PBXVariantGroup;
			children = (
				6289EAA21A44E42300151FBF /* Base */,
			);
			name = LaunchScreen.xib;
			sourceTree = "<group>";
		};
/* End PBXVariantGroup section */

/* Begin XCBuildConfiguration section */
		6289EAB01A44E42300151FBF /* Debug */ = {
			isa = XCBuildConfiguration;
			buildSettings = {
				ALWAYS_SEARCH_USER_PATHS = NO;
				CLANG_CXX_LANGUAGE_STANDARD = "gnu++0x";
				CLANG_CXX_LIBRARY = "libc++";
				CLANG_ENABLE_MODULES = YES;
				CLANG_ENABLE_OBJC_ARC = YES;
				CLANG_WARN_BOOL_CONVERSION = YES;
				CLANG_WARN_CONSTANT_CONVERSION = YES;
				CLANG_WARN_DIRECT_OBJC_ISA_USAGE = YES_ERROR;
				CLANG_WARN_EMPTY_BODY = YES;
				CLANG_WARN_ENUM_CONVERSION = YES;
				CLANG_WARN_INT_CONVERSION = YES;
				CLANG_WARN_OBJC_ROOT_CLASS = YES_ERROR;
				CLANG_WARN_UNREACHABLE_CODE = YES;
				CLANG_WARN__DUPLICATE_METHOD_MATCH = YES;
				"CODE_SIGN_IDENTITY[sdk=iphoneos*]" = "iPhone Developer";
				COPY_PHASE_STRIP = NO;
				ENABLE_STRICT_OBJC_MSGSEND = YES;
				GCC_C_LANGUAGE_STANDARD = gnu99;
				GCC_DYNAMIC_NO_PIC = NO;
				GCC_OPTIMIZATION_LEVEL = 0;
				GCC_PREPROCESSOR_DEFINITIONS = (
					"DEBUG=1",
					"$(inherited)",
				);
				GCC_SYMBOLS_PRIVATE_EXTERN = NO;
				GCC_WARN_64_TO_32_BIT_CONVERSION = YES;
				GCC_WARN_ABOUT_RETURN_TYPE = YES_ERROR;
				GCC_WARN_UNDECLARED_SELECTOR = YES;
				GCC_WARN_UNINITIALIZED_AUTOS = YES_AGGRESSIVE;
				GCC_WARN_UNUSED_FUNCTION = YES;
				GCC_WARN_UNUSED_VARIABLE = YES;
				IPHONEOS_DEPLOYMENT_TARGET = 8.1;
				MTL_ENABLE_DEBUG_INFO = YES;
				ONLY_ACTIVE_ARCH = YES;
				SDKROOT = iphoneos;
				SWIFT_OPTIMIZATION_LEVEL = "-Onone";
				TARGETED_DEVICE_FAMILY = "1,2";
			};
			name = Debug;
		};
		6289EAB11A44E42300151FBF /* Release */ = {
			isa = XCBuildConfiguration;
			buildSettings = {
				ALWAYS_SEARCH_USER_PATHS = NO;
				CLANG_CXX_LANGUAGE_STANDARD = "gnu++0x";
				CLANG_CXX_LIBRARY = "libc++";
				CLANG_ENABLE_MODULES = YES;
				CLANG_ENABLE_OBJC_ARC = YES;
				CLANG_WARN_BOOL_CONVERSION = YES;
				CLANG_WARN_CONSTANT_CONVERSION = YES;
				CLANG_WARN_DIRECT_OBJC_ISA_USAGE = YES_ERROR;
				CLANG_WARN_EMPTY_BODY = YES;
				CLANG_WARN_ENUM_CONVERSION = YES;
				CLANG_WARN_INT_CONVERSION = YES;
				CLANG_WARN_OBJC_ROOT_CLASS = YES_ERROR;
				CLANG_WARN_UNREACHABLE_CODE = YES;
				CLANG_WARN__DUPLICATE_METHOD_MATCH = YES;
				"CODE_SIGN_IDENTITY[sdk=iphoneos*]" = "iPhone Developer";
				COPY_PHASE_STRIP = YES;
				ENABLE_NS_ASSERTIONS = NO;
				ENABLE_STRICT_OBJC_MSGSEND = YES;
				GCC_C_LANGUAGE_STANDARD = gnu99;
				GCC_WARN_64_TO_32_BIT_CONVERSION = YES;
				GCC_WARN_ABOUT_RETURN_TYPE = YES_ERROR;
				GCC_WARN_UNDECLARED_SELECTOR = YES;
				GCC_WARN_UNINITIALIZED_AUTOS = YES_AGGRESSIVE;
				GCC_WARN_UNUSED_FUNCTION = YES;
				GCC_WARN_UNUSED_VARIABLE = YES;
				IPHONEOS_DEPLOYMENT_TARGET = 8.1;
				MTL_ENABLE_DEBUG_INFO = NO;
				SDKROOT = iphoneos;
				TARGETED_DEVICE_FAMILY = "1,2";
				VALIDATE_PRODUCT = YES;
			};
			name = Release;
		};
		6289EAB31A44E42300151FBF /* Debug */ = {
			isa = XCBuildConfiguration;
			buildSettings = {
				ASSETCATALOG_COMPILER_APPICON_NAME = AppIcon;
				INFOPLIST_FILE = boundry/Info.plist;
				LD_RUNPATH_SEARCH_PATHS = "$(inherited) @executable_path/Frameworks";
				PRODUCT_NAME = "$(TARGET_NAME)";
			};
			name = Debug;
		};
		6289EAB41A44E42300151FBF /* Release */ = {
			isa = XCBuildConfiguration;
			buildSettings = {
				ASSETCATALOG_COMPILER_APPICON_NAME = AppIcon;
				INFOPLIST_FILE = boundry/Info.plist;
				LD_RUNPATH_SEARCH_PATHS = "$(inherited) @executable_path/Frameworks";
				PRODUCT_NAME = "$(TARGET_NAME)";
			};
			name = Release;
		};
		6289EAB61A44E42300151FBF /* Debug */ = {
			isa = XCBuildConfiguration;
			buildSettings = {
				BUNDLE_LOADER = "$(TEST_HOST)";
				FRAMEWORK_SEARCH_PATHS = (
					"$(SDKROOT)/Developer/Library/Frameworks",
					"$(inherited)",
				);
				GCC_PREPROCESSOR_DEFINITIONS = (
					"DEBUG=1",
					"$(inherited)",
				);
				INFOPLIST_FILE = boundryTests/Info.plist;
				LD_RUNPATH_SEARCH_PATHS = "$(inherited) @executable_path/Frameworks @loader_path/Frameworks";
				PRODUCT_NAME = "$(TARGET_NAME)";
				TEST_HOST = "$(BUILT_PRODUCTS_DIR)/boundry.app/boundry";
			};
			name = Debug;
		};
		6289EAB71A44E42300151FBF /* Release */ = {
			isa = XCBuildConfiguration;
			buildSettings = {
				BUNDLE_LOADER = "$(TEST_HOST)";
				FRAMEWORK_SEARCH_PATHS = (
					"$(SDKROOT)/Developer/Library/Frameworks",
					"$(inherited)",
				);
				INFOPLIST_FILE = boundryTests/Info.plist;
				LD_RUNPATH_SEARCH_PATHS = "$(inherited) @executable_path/Frameworks @loader_path/Frameworks";
				PRODUCT_NAME = "$(TARGET_NAME)";
				TEST_HOST = "$(BUILT_PRODUCTS_DIR)/boundry.app/boundry";
			};
			name = Release;
		};
/* End XCBuildConfiguration section */

/* Begin XCConfigurationList section */
		6289EA8B1A44E42300151FBF /* Build configuration list for PBXProject "boundry" */ = {
			isa = XCConfigurationList;
			buildConfigurations = (
				6289EAB01A44E42300151FBF /* Debug */,
				6289EAB11A44E42300151FBF /* Release */,
			);
			defaultConfigurationIsVisible = 0;
			defaultConfigurationName = Release;
		};
		6289EAB21A44E42300151FBF /* Build configuration list for PBXNativeTarget "boundry" */ = {
			isa = XCConfigurationList;
			buildConfigurations = (
				6289EAB31A44E42300151FBF /* Debug */,
				6289EAB41A44E42300151FBF /* Release */,
			);
			defaultConfigurationIsVisible = 0;
		};
		6289EAB51A44E42300151FBF /* Build configuration list for PBXNativeTarget "boundryTests" */ = {
			isa = XCConfigurationList;
			buildConfigurations = (
				6289EAB61A44E42300151FBF /* Debug */,
				6289EAB71A44E42300151FBF /* Release */,
			);
			defaultConfigurationIsVisible = 0;
		};
/* End XCConfigurationList section */

/* Begin XCVersionGroup section */
		6289EA971A44E42300151FBF /* boundry.xcdatamodeld */ = {
			isa = XCVersionGroup;
			children = (
				6289EA981A44E42300151FBF /* boundry.xcdatamodel */,
			);
			currentVersion = 6289EA981A44E42300151FBF /* boundry.xcdatamodel */;
			path = boundry.xcdatamodeld;
			sourceTree = "<group>";
			versionGroupType = wrapper.xcdatamodel;
		};
/* End XCVersionGroup section */
	};
	rootObject = 6289EA881A44E42300151FBF /* Project object */;
}
